// !$*UTF8*$!
{
	archiveVersion = 1;
	classes = {
	};
	objectVersion = 110;
	objects = {

/* Begin PBXContainerItemProxy section */
		E092EBA33030809E0053FBC5 /* PBXContainerItemProxy */ = {
			isa = PBXContainerItemProxy;
			containerPortal = E092EB8D3030809D0053FBC5 /* Project object */;
			proxyType = 1;
			remoteGlobalIDString = E092EB943030809D0053FBC5;
			remoteInfo = MangaLibrary;
		};
		E092EBAD3030809E0053FBC5 /* PBXContainerItemProxy */ = {
			isa = PBXContainerItemProxy;
			containerPortal = E092EB8D3030809D0053FBC5 /* Project object */;
			proxyType = 1;
			remoteGlobalIDString = E092EB943030809D0053FBC5;
			remoteInfo = MangaLibrary;
		};
/* End PBXContainerItemProxy section */

/* Begin PBXFileReference section */
		D0CC00010000000000000001 /* Shared.xcconfig */ = {isa = PBXFileReference; lastKnownFileType = text.xcconfig; path = Shared.xcconfig; sourceTree = "<group>"; };
		E092EB953030809D0053FBC5 /* MangaLibrary.app */ = {isa = PBXFileReference; explicitFileType = wrapper.application; includeInIndex = 0; path = MangaLibrary.app; sourceTree = BUILT_PRODUCTS_DIR; };
		E092EBA23030809E0053FBC5 /* MangaLibraryTests.xctest */ = {isa = PBXFileReference; explicitFileType = wrapper.cfbundle; includeInIndex = 0; path = MangaLibraryTests.xctest; sourceTree = BUILT_PRODUCTS_DIR; };
		E092EBAC3030809E0053FBC5 /* MangaLibraryUITests.xctest */ = {isa = PBXFileReference; explicitFileType = wrapper.cfbundle; includeInIndex = 0; path = MangaLibraryUITests.xctest; sourceTree = BUILT_PRODUCTS_DIR; };
/* End PBXFileReference section */

/* Begin PBXFileSystemSynchronizedRootGroup section */
		E092EB973030809D0053FBC5 /* MangaLibrary */ = {
			isa = PBXFileSystemSynchronizedRootGroup;
			path = MangaLibrary;
			sourceTree = "<group>";
		};
		E092EBA53030809E0053FBC5 /* MangaLibraryTests */ = {
			isa = PBXFileSystemSynchronizedRootGroup;
			path = MangaLibraryTests;
			sourceTree = "<group>";
		};
		E092EBAF3030809E0053FBC5 /* MangaLibraryUITests */ = {
			isa = PBXFileSystemSynchronizedRootGroup;
			path = MangaLibraryUITests;
			sourceTree = "<group>";
		};
/* End PBXFileSystemSynchronizedRootGroup section */

/* Begin PBXFrameworksBuildPhase section */
		E092EB923030809D0053FBC5 /* Frameworks */ = {
			isa = PBXFrameworksBuildPhase;
			files = (
			);
		};
		E092EB9F3030809E0053FBC5 /* Frameworks */ = {
			isa = PBXFrameworksBuildPhase;
			files = (
			);
		};
		E092EBA93030809E0053FBC5 /* Frameworks */ = {
			isa = PBXFrameworksBuildPhase;
			files = (
			);
		};
/* End PBXFrameworksBuildPhase section */

/* Begin PBXGroup section */
		D0CC00020000000000000001 /* Configuration */ = {
			isa = PBXGroup;
			children = (
				D0CC00010000000000000001 /* Shared.xcconfig */,
			);
			path = Configuration;
			sourceTree = "<group>";
		};
		E092EB8C3030809D0053FBC5 = {
			isa = PBXGroup;
			children = (
				D0CC00020000000000000001 /* Configuration */,
				E092EB973030809D0053FBC5 /* MangaLibrary */,
				E092EBA53030809E0053FBC5 /* MangaLibraryTests */,
				E092EBAF3030809E0053FBC5 /* MangaLibraryUITests */,
				E092EB963030809D0053FBC5 /* Products */,
			);
			sourceTree = "<group>";
		};
		E092EB963030809D0053FBC5 /* Products */ = {
			isa = PBXGroup;
			children = (
				E092EB953030809D0053FBC5 /* MangaLibrary.app */,
				E092EBA23030809E0053FBC5 /* MangaLibraryTests.xctest */,
				E092EBAC3030809E0053FBC5 /* MangaLibraryUITests.xctest */,
			);
			name = Products;
			sourceTree = "<group>";
		};
/* End PBXGroup section */

/* Begin PBXNativeTarget section */
		E092EB943030809D0053FBC5 /* MangaLibrary */ = {
			isa = PBXNativeTarget;
			buildConfigurationList = E092EBB43030809E0053FBC5 /* Build configuration list for PBXNativeTarget "MangaLibrary" */;
			buildPhases = (
				E092EB913030809D0053FBC5 /* Sources */,
				E092EB923030809D0053FBC5 /* Frameworks */,
				E092EB933030809D0053FBC5 /* Resources */,
			);
			buildRules = (
			);
			fileSystemSynchronizedGroups = (
				E092EB973030809D0053FBC5 /* MangaLibrary */,
			);
			name = MangaLibrary;
			productName = MangaLibrary;
			productReference = E092EB953030809D0053FBC5 /* MangaLibrary.app */;
			productType = "com.apple.product-type.application";
		};
		E092EBA13030809E0053FBC5 /* MangaLibraryTests */ = {
			isa = PBXNativeTarget;
			buildConfigurationList = E092EBB73030809E0053FBC5 /* Build configuration list for PBXNativeTarget "MangaLibraryTests" */;
			buildPhases = (
				E092EB9E3030809E0053FBC5 /* Sources */,
				E092EB9F3030809E0053FBC5 /* Frameworks */,
				E092EBA03030809E0053FBC5 /* Resources */,
			);
			buildRules = (
			);
			dependencies = (
				E092EBA43030809E0053FBC5 /* PBXTargetDependency */,
			);
			fileSystemSynchronizedGroups = (
				E092EBA53030809E0053FBC5 /* MangaLibraryTests */,
			);
			name = MangaLibraryTests;
			productName = MangaLibraryTests;
			productReference = E092EBA23030809E0053FBC5 /* MangaLibraryTests.xctest */;
			productType = "com.apple.product-type.bundle.unit-test";
		};
		E092EBAB3030809E0053FBC5 /* MangaLibraryUITests */ = {
			isa = PBXNativeTarget;
			buildConfigurationList = E092EBBA3030809E0053FBC5 /* Build configuration list for PBXNativeTarget "MangaLibraryUITests" */;
			buildPhases = (
				E092EBA83030809E0053FBC5 /* Sources */,
				E092EBA93030809E0053FBC5 /* Frameworks */,
				E092EBAA3030809E0053FBC5 /* Resources */,
			);
			buildRules = (
			);
			dependencies = (
				E092EBAE3030809E0053FBC5 /* PBXTargetDependency */,
			);
			fileSystemSynchronizedGroups = (
				E092EBAF3030809E0053FBC5 /* MangaLibraryUITests */,
			);
			name = MangaLibraryUITests;
			productName = MangaLibraryUITests;
			productReference = E092EBAC3030809E0053FBC5 /* MangaLibraryUITests.xctest */;
			productType = "com.apple.product-type.bundle.ui-testing";
		};
/* End PBXNativeTarget section */

/* Begin PBXProject section */
		E092EB8D3030809D0053FBC5 /* Project object */ = {
			isa = PBXProject;
			attributes = {
				BuildIndependentTargetsInParallel = 1;
				LastSwiftUpdateCheck = 2700;
				LastUpgradeCheck = 2700;
				TargetAttributes = {
					E092EB943030809D0053FBC5 = {
						CreatedOnToolsVersion = 27.0;
					};
					E092EBA13030809E0053FBC5 = {
						CreatedOnToolsVersion = 27.0;
						TestTargetID = E092EB943030809D0053FBC5;
					};
					E092EBAB3030809E0053FBC5 = {
						CreatedOnToolsVersion = 27.0;
						TestTargetID = E092EB943030809D0053FBC5;
					};
				};
			};
			buildConfigurationList = E092EB903030809D0053FBC5 /* Build configuration list for PBXProject "MangaLibrary" */;
			developmentRegion = en;
			hasScannedForEncodings = 0;
			knownRegions = (
				en,
				es,
				Base,
			);
			mainGroup = E092EB8C3030809D0053FBC5;
			minimizedProjectReferenceProxies = 1;
			preferredProjectObjectVersion = 77;
			productRefGroup = E092EB963030809D0053FBC5 /* Products */;
			projectDirPath = "";
			projectRoot = "";
			targets = (
				E092EB943030809D0053FBC5 /* MangaLibrary */,
				E092EBA13030809E0053FBC5 /* MangaLibraryTests */,
				E092EBAB3030809E0053FBC5 /* MangaLibraryUITests */,
			);
		};
/* End PBXProject section */

/* Begin PBXResourcesBuildPhase section */
		E092EB933030809D0053FBC5 /* Resources */ = {
			isa = PBXResourcesBuildPhase;
			files = (
			);
		};
		E092EBA03030809E0053FBC5 /* Resources */ = {
			isa = PBXResourcesBuildPhase;
			files = (
			);
		};
		E092EBAA3030809E0053FBC5 /* Resources */ = {
			isa = PBXResourcesBuildPhase;
			files = (
			);
		};
/* End PBXResourcesBuildPhase section */

/* Begin PBXSourcesBuildPhase section */
		E092EB913030809D0053FBC5 /* Sources */ = {
			isa = PBXSourcesBuildPhase;
			files = (
			);
		};
		E092EB9E3030809E0053FBC5 /* Sources */ = {
			isa = PBXSourcesBuildPhase;
			files = (
			);
		};
		E092EBA83030809E0053FBC5 /* Sources */ = {
			isa = PBXSourcesBuildPhase;
			files = (
			);
		};
/* End PBXSourcesBuildPhase section */

/* Begin PBXTargetDependency section */
		E092EBA43030809E0053FBC5 /* PBXTargetDependency */ = {
			isa = PBXTargetDependency;
			target = E092EB943030809D0053FBC5 /* MangaLibrary */;
			targetProxy = E092EBA33030809E0053FBC5 /* PBXContainerItemProxy */;
		};
		E092EBAE3030809E0053FBC5 /* PBXTargetDependency */ = {
			isa = PBXTargetDependency;
			target = E092EB943030809D0053FBC5 /* MangaLibrary */;
			targetProxy = E092EBAD3030809E0053FBC5 /* PBXContainerItemProxy */;
		};
/* End PBXTargetDependency section */

/* Begin XCBuildConfiguration section */
		E092EBB23030809E0053FBC5 /* Debug configuration for PBXProject "MangaLibrary" */ = {
			isa = XCBuildConfiguration;
			baseConfigurationReference = D0CC00010000000000000001 /* Shared.xcconfig */;
			buildSettings = {
				ALWAYS_SEARCH_USER_PATHS = NO;
				ASSETCATALOG_COMPILER_GENERATE_SWIFT_ASSET_SYMBOL_EXTENSIONS = YES;
				CLANG_ANALYZER_NONNULL = YES;
				CLANG_ANALYZER_NUMBER_OBJECT_CONVERSION = YES_AGGRESSIVE;
				CLANG_CXX_LANGUAGE_STANDARD = "gnu++20";
				CLANG_ENABLE_MODULES = YES;
				CLANG_ENABLE_OBJC_ARC = YES;
				CLANG_ENABLE_OBJC_WEAK = YES;
				CLANG_WARN_BLOCK_CAPTURE_AUTORELEASING = YES;
				CLANG_WARN_BOOL_CONVERSION = YES;
				CLANG_WARN_COMMA = YES;
				CLANG_WARN_CONSTANT_CONVERSION = YES;
				CLANG_WARN_DEPRECATED_OBJC_IMPLEMENTATIONS = YES;
				CLANG_WARN_DIRECT_OBJC_ISA_USAGE = YES_ERROR;
				CLANG_WARN_DOCUMENTATION_COMMENTS = YES;
				CLANG_WARN_EMPTY_BODY = YES;
				CLANG_WARN_ENUM_CONVERSION = YES;
				CLANG_WARN_INFINITE_RECURSION = YES;
				CLANG_WARN_INT_CONVERSION = YES;
				CLANG_WARN_NON_LITERAL_NULL_CONVERSION = YES;
				CLANG_WARN_OBJC_IMPLICIT_RETAIN_SELF = YES;
				CLANG_WARN_OBJC_LITERAL_CONVERSION = YES;
				CLANG_WARN_OBJC_ROOT_CLASS = YES_ERROR;
				CLANG_WARN_QUOTED_INCLUDE_IN_FRAMEWORK_HEADER = YES;
				CLANG_WARN_RANGE_LOOP_ANALYSIS = YES;
				CLANG_WARN_STRICT_PROTOTYPES = YES;
				CLANG_WARN_SUSPICIOUS_MOVE = YES;
				CLANG_WARN_UNGUARDED_AVAILABILITY = YES_AGGRESSIVE;
				CLANG_WARN_UNREACHABLE_CODE = YES;
				CLANG_WARN__DUPLICATE_METHOD_MATCH = YES;
				COPY_PHASE_STRIP = NO;
				DEBUG_INFORMATION_FORMAT = dwarf;
				DEVELOPMENT_TEAM = NWN8JUE438;
				ENABLE_STRICT_OBJC_MSGSEND = YES;
				ENABLE_TESTABILITY = YES;
				ENABLE_USER_SCRIPT_SANDBOXING = YES;
				GCC_C_LANGUAGE_STANDARD = gnu17;
				GCC_DYNAMIC_NO_PIC = NO;
				GCC_NO_COMMON_BLOCKS = YES;
				GCC_OPTIMIZATION_LEVEL = 0;
				GCC_PREPROCESSOR_DEFINITIONS = (
					"DEBUG=1",
					"$(inherited)",
				);
				GCC_WARN_64_TO_32_BIT_CONVERSION = YES;
				GCC_WARN_ABOUT_RETURN_TYPE = YES_ERROR;
				GCC_WARN_UNDECLARED_SELECTOR = YES;
				GCC_WARN_UNINITIALIZED_AUTOS = YES_AGGRESSIVE;
				GCC_WARN_UNUSED_FUNCTION = YES;
				GCC_WARN_UNUSED_VARIABLE = YES;
				LOCALIZATION_PREFERS_STRING_CATALOGS = YES;
				MTL_ENABLE_DEBUG_INFO = INCLUDE_SOURCE;
				MTL_FAST_MATH = YES;
				ONLY_ACTIVE_ARCH = YES;
				SWIFT_ACTIVE_COMPILATION_CONDITIONS = "DEBUG $(inherited)";
				SWIFT_OPTIMIZATION_LEVEL = "-Onone";
			};
			name = Debug;
		};
		E092EBB33030809E0053FBC5 /* Release configuration for PBXProject "MangaLibrary" */ = {
			isa = XCBuildConfiguration;
			baseConfigurationReference = D0CC00010000000000000001 /* Shared.xcconfig */;
			buildSettings = {
				ALWAYS_SEARCH_USER_PATHS = NO;
				ASSETCATALOG_COMPILER_GENERATE_SWIFT_ASSET_SYMBOL_EXTENSIONS = YES;
				CLANG_ANALYZER_NONNULL = YES;
				CLANG_ANALYZER_NUMBER_OBJECT_CONVERSION = YES_AGGRESSIVE;
				CLANG_CXX_LANGUAGE_STANDARD = "gnu++20";
				CLANG_ENABLE_MODULES = YES;
				CLANG_ENABLE_OBJC_ARC = YES;
				CLANG_ENABLE_OBJC_WEAK = YES;
				CLANG_WARN_BLOCK_CAPTURE_AUTORELEASING = YES;
				CLANG_WARN_BOOL_CONVERSION = YES;
				CLANG_WARN_COMMA = YES;
				CLANG_WARN_CONSTANT_CONVERSION = YES;
				CLANG_WARN_DEPRECATED_OBJC_IMPLEMENTATIONS = YES;
				CLANG_WARN_DIRECT_OBJC_ISA_USAGE = YES_ERROR;
				CLANG_WARN_DOCUMENTATION_COMMENTS = YES;
				CLANG_WARN_EMPTY_BODY = YES;
				CLANG_WARN_ENUM_CONVERSION = YES;
				CLANG_WARN_INFINITE_RECURSION = YES;
				CLANG_WARN_INT_CONVERSION = YES;
				CLANG_WARN_NON_LITERAL_NULL_CONVERSION = YES;
				CLANG_WARN_OBJC_IMPLICIT_RETAIN_SELF = YES;
				CLANG_WARN_OBJC_LITERAL_CONVERSION = YES;
				CLANG_WARN_OBJC_ROOT_CLASS = YES_ERROR;
				CLANG_WARN_QUOTED_INCLUDE_IN_FRAMEWORK_HEADER = YES;
				CLANG_WARN_RANGE_LOOP_ANALYSIS = YES;
				CLANG_WARN_STRICT_PROTOTYPES = YES;
				CLANG_WARN_SUSPICIOUS_MOVE = YES;
				CLANG_WARN_UNGUARDED_AVAILABILITY = YES_AGGRESSIVE;
				CLANG_WARN_UNREACHABLE_CODE = YES;
				CLANG_WARN__DUPLICATE_METHOD_MATCH = YES;
				COPY_PHASE_STRIP = NO;
				DEBUG_INFORMATION_FORMAT = "dwarf-with-dsym";
				DEVELOPMENT_TEAM = NWN8JUE438;
				ENABLE_NS_ASSERTIONS = NO;
				ENABLE_STRICT_OBJC_MSGSEND = YES;
				ENABLE_USER_SCRIPT_SANDBOXING = YES;
				GCC_C_LANGUAGE_STANDARD = gnu17;
				GCC_NO_COMMON_BLOCKS = YES;
				GCC_WARN_64_TO_32_BIT_CONVERSION = YES;
				GCC_WARN_ABOUT_RETURN_TYPE = YES_ERROR;
				GCC_WARN_UNDECLARED_SELECTOR = YES;
				GCC_WARN_UNINITIALIZED_AUTOS = YES_AGGRESSIVE;
				GCC_WARN_UNUSED_FUNCTION = YES;
				GCC_WARN_UNUSED_VARIABLE = YES;
				LOCALIZATION_PREFERS_STRING_CATALOGS = YES;
				MTL_ENABLE_DEBUG_INFO = NO;
				MTL_FAST_MATH = YES;
				SWIFT_COMPILATION_MODE = wholemodule;
			};
			name = Release;
		};
		E092EBB53030809E0053FBC5 /* Debug configuration for PBXNativeTarget "MangaLibrary" */ = {
			isa = XCBuildConfiguration;
			buildSettings = {
				ASSETCATALOG_COMPILER_APPICON_NAME = MangaLibrary;
				ASSETCATALOG_COMPILER_GLOBAL_ACCENT_COLOR_NAME = AccentColor;
				CODE_SIGN_STYLE = Automatic;
				CURRENT_PROJECT_VERSION = 1;
				DEVELOPMENT_TEAM = NWN8JUE438;
				ENABLE_APP_SANDBOX = YES;
				ENABLE_HARDENED_RUNTIME = YES;
				ENABLE_PREVIEWS = YES;
				ENABLE_USER_SELECTED_FILES = readonly;
				GENERATE_INFOPLIST_FILE = YES;
				INFOPLIST_KEY_CFBundleDisplayName = "Manga Library";
				INFOPLIST_KEY_LSApplicationCategoryType = "public.app-category.books";
				"INFOPLIST_KEY_UIApplicationSceneManifest_Generation[sdk=iphoneos*]" = YES;
				"INFOPLIST_KEY_UIApplicationSceneManifest_Generation[sdk=iphonesimulator*]" = YES;
				"INFOPLIST_KEY_UIApplicationSupportsIndirectInputEvents[sdk=iphoneos*]" = YES;
				"INFOPLIST_KEY_UIApplicationSupportsIndirectInputEvents[sdk=iphonesimulator*]" = YES;
				"INFOPLIST_KEY_UILaunchScreen_Generation[sdk=iphoneos*]" = YES;
				"INFOPLIST_KEY_UILaunchScreen_Generation[sdk=iphonesimulator*]" = YES;
				"INFOPLIST_KEY_UIStatusBarStyle[sdk=iphoneos*]" = UIStatusBarStyleDefault;
				"INFOPLIST_KEY_UIStatusBarStyle[sdk=iphonesimulator*]" = UIStatusBarStyleDefault;
				INFOPLIST_KEY_UISupportedInterfaceOrientations = UIInterfaceOrientationPortrait;
				INFOPLIST_KEY_UISupportedInterfaceOrientations_iPad = "UIInterfaceOrientationLandscapeLeft UIInterfaceOrientationLandscapeRight UIInterfaceOrientationPortrait UIInterfaceOrientationPortraitUpsideDown";
				IPHONEOS_DEPLOYMENT_TARGET = 27.0;
				LD_RUNPATH_SEARCH_PATHS = "@executable_path/Frameworks";
				"LD_RUNPATH_SEARCH_PATHS[sdk=macosx*]" = "@executable_path/../Frameworks";
				MACOSX_DEPLOYMENT_TARGET = 26.6;
				MARKETING_VERSION = 1.0;
				PRODUCT_BUNDLE_IDENTIFIER = com.plusprojects.MangaLibrary;
				PRODUCT_NAME = "$(TARGET_NAME)";
				REGISTER_APP_GROUPS = YES;
				SDKROOT = auto;
				STRING_CATALOG_GENERATE_SYMBOLS = YES;
				SUPPORTED_PLATFORMS = "iphoneos iphonesimulator";
				SUPPORTS_MACCATALYST = NO;
				SWIFT_APPROACHABLE_CONCURRENCY = YES;
				SWIFT_DEFAULT_ACTOR_ISOLATION = nonisolated;
				SWIFT_EMIT_LOC_STRINGS = YES;
				SWIFT_UPCOMING_FEATURE_MEMBER_IMPORT_VISIBILITY = YES;
				SWIFT_VERSION = 6.0;
				TARGETED_DEVICE_FAMILY = "1,2";
				XROS_DEPLOYMENT_TARGET = 27.0;
			};
			name = Debug;
		};
		E092EBB63030809E0053FBC5 /* Release configuration for PBXNativeTarget "MangaLibrary" */ = {
			isa = XCBuildConfiguration;
			buildSettings = {
				ASSETCATALOG_COMPILER_APPICON_NAME = MangaLibrary;
				ASSETCATALOG_COMPILER_GLOBAL_ACCENT_COLOR_NAME = AccentColor;
				CODE_SIGN_STYLE = Automatic;
				CURRENT_PROJECT_VERSION = 1;
				DEVELOPMENT_TEAM = NWN8JUE438;
				ENABLE_APP_SANDBOX = YES;
				ENABLE_HARDENED_RUNTIME = YES;
				ENABLE_PREVIEWS = YES;
				ENABLE_USER_SELECTED_FILES = readonly;
				GENERATE_INFOPLIST_FILE = YES;
				INFOPLIST_KEY_CFBundleDisplayName = "Manga Library";
				INFOPLIST_KEY_LSApplicationCategoryType = "public.app-category.books";
				"INFOPLIST_KEY_UIApplicationSceneManifest_Generation[sdk=iphoneos*]" = YES;
				"INFOPLIST_KEY_UIApplicationSceneManifest_Generation[sdk=iphonesimulator*]" = YES;
				"INFOPLIST_KEY_UIApplicationSupportsIndirectInputEvents[sdk=iphoneos*]" = YES;
				"INFOPLIST_KEY_UIApplicationSupportsIndirectInputEvents[sdk=iphonesimulator*]" = YES;
				"INFOPLIST_KEY_UILaunchScreen_Generation[sdk=iphoneos*]" = YES;
				"INFOPLIST_KEY_UILaunchScreen_Generation[sdk=iphonesimulator*]" = YES;
				"INFOPLIST_KEY_UIStatusBarStyle[sdk=iphoneos*]" = UIStatusBarStyleDefault;
				"INFOPLIST_KEY_UIStatusBarStyle[sdk=iphonesimulator*]" = UIStatusBarStyleDefault;
				INFOPLIST_KEY_UISupportedInterfaceOrientations = UIInterfaceOrientationPortrait;
				INFOPLIST_KEY_UISupportedInterfaceOrientations_iPad = "UIInterfaceOrientationLandscapeLeft UIInterfaceOrientationLandscapeRight UIInterfaceOrientationPortrait UIInterfaceOrientationPortraitUpsideDown";
				IPHONEOS_DEPLOYMENT_TARGET = 27.0;
				LD_RUNPATH_SEARCH_PATHS = "@executable_path/Frameworks";
				"LD_RUNPATH_SEARCH_PATHS[sdk=macosx*]" = "@executable_path/../Frameworks";
				MACOSX_DEPLOYMENT_TARGET = 26.6;
				MARKETING_VERSION = 1.0;
				PRODUCT_BUNDLE_IDENTIFIER = com.plusprojects.MangaLibrary;
				PRODUCT_NAME = "$(TARGET_NAME)";
				REGISTER_APP_GROUPS = YES;
				SDKROOT = auto;
				STRING_CATALOG_GENERATE_SYMBOLS = YES;
				SUPPORTED_PLATFORMS = "iphoneos iphonesimulator";
				SUPPORTS_MACCATALYST = NO;
				SWIFT_APPROACHABLE_CONCURRENCY = YES;
				SWIFT_DEFAULT_ACTOR_ISOLATION = nonisolated;
				SWIFT_EMIT_LOC_STRINGS = YES;
				SWIFT_UPCOMING_FEATURE_MEMBER_IMPORT_VISIBILITY = YES;
				SWIFT_VERSION = 6.0;
				TARGETED_DEVICE_FAMILY = "1,2";
				XROS_DEPLOYMENT_TARGET = 27.0;
			};
			name = Release;
		};
		E092EBB83030809E0053FBC5 /* Debug configuration for PBXNativeTarget "MangaLibraryTests" */ = {
			isa = XCBuildConfiguration;
			buildSettings = {
				BUNDLE_LOADER = "$(TEST_HOST)";
				CODE_SIGN_STYLE = Automatic;
				CURRENT_PROJECT_VERSION = 1;
				DEVELOPMENT_TEAM = NWN8JUE438;
				GENERATE_INFOPLIST_FILE = YES;
				IPHONEOS_DEPLOYMENT_TARGET = 27.0;
				MACOSX_DEPLOYMENT_TARGET = 26.6;
				MARKETING_VERSION = 1.0;
				PRODUCT_BUNDLE_IDENTIFIER = com.plusprojects.MangaLibraryTests;
				PRODUCT_NAME = "$(TARGET_NAME)";
				SDKROOT = auto;
				STRING_CATALOG_GENERATE_SYMBOLS = NO;
				SUPPORTED_PLATFORMS = "iphoneos iphonesimulator";
				SUPPORTS_MACCATALYST = NO;
				SWIFT_APPROACHABLE_CONCURRENCY = YES;
				SWIFT_EMIT_LOC_STRINGS = NO;
				SWIFT_UPCOMING_FEATURE_MEMBER_IMPORT_VISIBILITY = YES;
				SWIFT_VERSION = 6.0;
				TARGETED_DEVICE_FAMILY = "1,2";
				TEST_HOST = "$(BUILT_PRODUCTS_DIR)/MangaLibrary.app/$(BUNDLE_EXECUTABLE_FOLDER_PATH)/MangaLibrary";
				XROS_DEPLOYMENT_TARGET = 27.0;
			};
			name = Debug;
		};
		E092EBB93030809E0053FBC5 /* Release configuration for PBXNativeTarget "MangaLibraryTests" */ = {
			isa = XCBuildConfiguration;
			buildSettings = {
				BUNDLE_LOADER = "$(TEST_HOST)";
				CODE_SIGN_STYLE = Automatic;
				CURRENT_PROJECT_VERSION = 1;
				DEVELOPMENT_TEAM = NWN8JUE438;
				GENERATE_INFOPLIST_FILE = YES;
				IPHONEOS_DEPLOYMENT_TARGET = 27.0;
				MACOSX_DEPLOYMENT_TARGET = 26.6;
				MARKETING_VERSION = 1.0;
				PRODUCT_BUNDLE_IDENTIFIER = com.plusprojects.MangaLibraryTests;
				PRODUCT_NAME = "$(TARGET_NAME)";
				SDKROOT = auto;
				STRING_CATALOG_GENERATE_SYMBOLS = NO;
				SUPPORTED_PLATFORMS = "iphoneos iphonesimulator";
				SUPPORTS_MACCATALYST = NO;
				SWIFT_APPROACHABLE_CONCURRENCY = YES;
				SWIFT_EMIT_LOC_STRINGS = NO;
				SWIFT_UPCOMING_FEATURE_MEMBER_IMPORT_VISIBILITY = YES;
				SWIFT_VERSION = 6.0;
				TARGETED_DEVICE_FAMILY = "1,2";
				TEST_HOST = "$(BUILT_PRODUCTS_DIR)/MangaLibrary.app/$(BUNDLE_EXECUTABLE_FOLDER_PATH)/MangaLibrary";
				XROS_DEPLOYMENT_TARGET = 27.0;
			};
			name = Release;
		};
		E092EBBB3030809E0053FBC5 /* Debug configuration for PBXNativeTarget "MangaLibraryUITests" */ = {
			isa = XCBuildConfiguration;
			buildSettings = {
				CODE_SIGN_STYLE = Automatic;
				CURRENT_PROJECT_VERSION = 1;
				DEVELOPMENT_TEAM = NWN8JUE438;
				GENERATE_INFOPLIST_FILE = YES;
				IPHONEOS_DEPLOYMENT_TARGET = 27.0;
				MACOSX_DEPLOYMENT_TARGET = 26.6;
				MARKETING_VERSION = 1.0;
				PRODUCT_BUNDLE_IDENTIFIER = com.plusprojects.MangaLibraryUITests;
				PRODUCT_NAME = "$(TARGET_NAME)";
				SDKROOT = auto;
				STRING_CATALOG_GENERATE_SYMBOLS = NO;
				SUPPORTED_PLATFORMS = "iphoneos iphonesimulator";
				SUPPORTS_MACCATALYST = NO;
				SWIFT_APPROACHABLE_CONCURRENCY = YES;
				SWIFT_EMIT_LOC_STRINGS = NO;
				SWIFT_UPCOMING_FEATURE_MEMBER_IMPORT_VISIBILITY = YES;
				SWIFT_VERSION = 6.0;
				TARGETED_DEVICE_FAMILY = "1,2";
				TEST_TARGET_NAME = MangaLibrary;
				XROS_DEPLOYMENT_TARGET = 27.0;
			};
			name = Debug;
		};
		E092EBBC3030809E0053FBC5 /* Release configuration for PBXNativeTarget "MangaLibraryUITests" */ = {
			isa = XCBuildConfiguration;
			buildSettings = {
				CODE_SIGN_STYLE = Automatic;
				CURRENT_PROJECT_VERSION = 1;
				DEVELOPMENT_TEAM = NWN8JUE438;
				GENERATE_INFOPLIST_FILE = YES;
				IPHONEOS_DEPLOYMENT_TARGET = 27.0;
				MACOSX_DEPLOYMENT_TARGET = 26.6;
				MARKETING_VERSION = 1.0;
				PRODUCT_BUNDLE_IDENTIFIER = com.plusprojects.MangaLibraryUITests;
				PRODUCT_NAME = "$(TARGET_NAME)";
				SDKROOT = auto;
				STRING_CATALOG_GENERATE_SYMBOLS = NO;
				SUPPORTED_PLATFORMS = "iphoneos iphonesimulator";
				SUPPORTS_MACCATALYST = NO;
				SWIFT_APPROACHABLE_CONCURRENCY = YES;
				SWIFT_EMIT_LOC_STRINGS = NO;
				SWIFT_UPCOMING_FEATURE_MEMBER_IMPORT_VISIBILITY = YES;
				SWIFT_VERSION = 6.0;
				TARGETED_DEVICE_FAMILY = "1,2";
				TEST_TARGET_NAME = MangaLibrary;
				XROS_DEPLOYMENT_TARGET = 27.0;
			};
			name = Release;
		};
/* End XCBuildConfiguration section */

/* Begin XCConfigurationList section */
		E092EB903030809D0053FBC5 /* Build configuration list for PBXProject "MangaLibrary" */ = {
			isa = XCConfigurationList;
			buildConfigurations = (
				E092EBB23030809E0053FBC5 /* Debug configuration for PBXProject "MangaLibrary" */,
				E092EBB33030809E0053FBC5 /* Release configuration for PBXProject "MangaLibrary" */,
			);
			defaultConfigurationName = Release;
		};
		E092EBB43030809E0053FBC5 /* Build configuration list for PBXNativeTarget "MangaLibrary" */ = {
			isa = XCConfigurationList;
			buildConfigurations = (
				E092EBB53030809E0053FBC5 /* Debug configuration for PBXNativeTarget "MangaLibrary" */,
				E092EBB63030809E0053FBC5 /* Release configuration for PBXNativeTarget "MangaLibrary" */,
			);
			defaultConfigurationName = Release;
		};
		E092EBB73030809E0053FBC5 /* Build configuration list for PBXNativeTarget "MangaLibraryTests" */ = {
			isa = XCConfigurationList;
			buildConfigurations = (
				E092EBB83030809E0053FBC5 /* Debug configuration for PBXNativeTarget "MangaLibraryTests" */,
				E092EBB93030809E0053FBC5 /* Release configuration for PBXNativeTarget "MangaLibraryTests" */,
			);
			defaultConfigurationName = Release;
		};
		E092EBBA3030809E0053FBC5 /* Build configuration list for PBXNativeTarget "MangaLibraryUITests" */ = {
			isa = XCConfigurationList;
			buildConfigurations = (
				E092EBBB3030809E0053FBC5 /* Debug configuration for PBXNativeTarget "MangaLibraryUITests" */,
				E092EBBC3030809E0053FBC5 /* Release configuration for PBXNativeTarget "MangaLibraryUITests" */,
			);
			defaultConfigurationName = Release;
		};
/* End XCConfigurationList section */
	};
	rootObject = E092EB8D3030809D0053FBC5 /* Project object */;
	validationLevel = 1;
}
